
Microsoft Visual Studio Solution File, Format Version 12.00
# Visual Studio 15
VisualStudioVersion = 15.0.28010.2016
MinimumVisualStudioVersion = 10.0.40219.1
Project("{FAE04EC0-301F-11D3-BF4B-00C04F79EFBC}") = "EveIndustryStandard", "EveIndustryStandard\EveIndustryStandard.csproj", "{70D23D02-AA49-4C0F-986E-5151158DD09B}"
EndProject
Project("{FAE04EC0-301F-11D3-BF4B-00C04F79EFBC}") = "EveClientStandard", "EveClientStandard\EveClientStandard.csproj", "{BD057BB2-8B40-4A4B-A313-F0B39C8A6029}"
EndProject
Global
	GlobalSection(SolutionConfigurationPlatforms) = preSolution
		Debug|Any CPU = Debug|Any CPU
		Release|Any CPU = Release|Any CPU
	EndGlobalSection
	GlobalSection(ProjectConfigurationPlatforms) = postSolution
		{70D23D02-AA49-4C0F-986E-5151158DD09B}.Debug|Any CPU.ActiveCfg = Debug|Any CPU
		{70D23D02-AA49-4C0F-986E-5151158DD09B}.Debug|Any CPU.Build.0 = Debug|Any CPU
		{70D23D02-AA49-4C0F-986E-5151158DD09B}.Release|Any CPU.ActiveCfg = Release|Any CPU
		{70D23D02-AA49-4C0F-986E-5151158DD09B}.Release|Any CPU.Build.0 = Release|Any CPU
		{BD057BB2-8B40-4A4B-A313-F0B39C8A6029}.Debug|Any CPU.ActiveCfg = Debug|Any CPU
		{BD057BB2-8B40-4A4B-A313-F0B39C8A6029}.Debug|Any CPU.Build.0 = Debug|Any CPU
		{BD057BB2-8B40-4A4B-A313-F0B39C8A6029}.Release|Any CPU.ActiveCfg = Release|Any CPU
		{BD057BB2-8B40-4A4B-A313-F0B39C8A6029}.Release|Any CPU.Build.0 = Release|Any CPU
	EndGlobalSection
	GlobalSection(SolutionProperties) = preSolution
		HideSolutionNode = FALSE
	EndGlobalSection
	GlobalSection(ExtensibilityGlobals) = postSolution
		SolutionGuid = {1714C53B-4ADB-41DE-8FFF-D79C3C3BAA8D}
	EndGlobalSection
EndGlobal
